lockfileVersion: '9.0'

settings:
  autoInstallPeers: true
  excludeLinksFromLockfile: false

importers:

  .:
    dependencies:
      '@biomejs/biome':
        specifier: ^1.9.4
        version: 1.9.4
      '@patrady/chord-js':
        specifier: ^2.2.2
        version: 2.2.2
      '@sevenc-nanashi/binaryseeker':
        specifier: npm:@jsr/sevenc-nanashi__binaryseeker@^1.2.1
        version: '@jsr/sevenc-nanashi__binaryseeker@1.2.1'
      '@tonejs/midi':
        specifier: ^2.0.28
        version: 2.0.28
      fft.js:
        specifier: ^4.0.4
        version: 4.0.4
      p5:
        specifier: ^1.11.2
        version: 1.11.2
      p5-frame-capturer:
        specifier: ^0.2.0
        version: 0.2.0
    devDependencies:
      '@rollup/plugin-yaml':
        specifier: ^4.1.2
        version: 4.1.2(rollup@4.31.0)
      '@types/p5':
        specifier: ^1.7.6
        version: 1.7.6
      typescript:
        specifier: ^5.7.3
        version: 5.7.3
      vite:
        specifier: ^6.0.11
        version: 6.0.11
      vite-plugin-arraybuffer:
        specifier: ^0.0.8
        version: 0.0.8
      vite-plugin-hmrify:
        specifier: ^0.1.0
        version: 0.1.0

packages:

  '@biomejs/biome@1.9.4':
    resolution: {integrity: sha512-1rkd7G70+o9KkTn5KLmDYXihGoTaIGO9PIIN2ZB7UJxFrWw04CZHPYiMRjYsaDvVV7hP1dYNRLxSANLaBFGpog==}
    engines: {node: '>=14.21.3'}
    hasBin: true

  '@biomejs/cli-darwin-arm64@1.9.4':
    resolution: {integrity: sha512-bFBsPWrNvkdKrNCYeAp+xo2HecOGPAy9WyNyB/jKnnedgzl4W4Hb9ZMzYNbf8dMCGmUdSavlYHiR01QaYR58cw==}
    engines: {node: '>=14.21.3'}
    cpu: [arm64]
    os: [darwin]

  '@biomejs/cli-darwin-x64@1.9.4':
    resolution: {integrity: sha512-ngYBh/+bEedqkSevPVhLP4QfVPCpb+4BBe2p7Xs32dBgs7rh9nY2AIYUL6BgLw1JVXV8GlpKmb/hNiuIxfPfZg==}
    engines: {node: '>=14.21.3'}
    cpu: [x64]
    os: [darwin]

  '@biomejs/cli-linux-arm64-musl@1.9.4':
    resolution: {integrity: sha512-v665Ct9WCRjGa8+kTr0CzApU0+XXtRgwmzIf1SeKSGAv+2scAlW6JR5PMFo6FzqqZ64Po79cKODKf3/AAmECqA==}
    engines: {node: '>=14.21.3'}
    cpu: [arm64]
    os: [linux]

  '@biomejs/cli-linux-arm64@1.9.4':
    resolution: {integrity: sha512-fJIW0+LYujdjUgJJuwesP4EjIBl/N/TcOX3IvIHJQNsAqvV2CHIogsmA94BPG6jZATS4Hi+xv4SkBBQSt1N4/g==}
    engines: {node: '>=14.21.3'}
    cpu: [arm64]
    os: [linux]

  '@biomejs/cli-linux-x64-musl@1.9.4':
    resolution: {integrity: sha512-gEhi/jSBhZ2m6wjV530Yy8+fNqG8PAinM3oV7CyO+6c3CEh16Eizm21uHVsyVBEB6RIM8JHIl6AGYCv6Q6Q9Tg==}
    engines: {node: '>=14.21.3'}
    cpu: [x64]
    os: [linux]

  '@biomejs/cli-linux-x64@1.9.4':
    resolution: {integrity: sha512-lRCJv/Vi3Vlwmbd6K+oQ0KhLHMAysN8lXoCI7XeHlxaajk06u7G+UsFSO01NAs5iYuWKmVZjmiOzJ0OJmGsMwg==}
    engines: {node: '>=14.21.3'}
    cpu: [x64]
    os: [linux]

  '@biomejs/cli-win32-arm64@1.9.4':
    resolution: {integrity: sha512-tlbhLk+WXZmgwoIKwHIHEBZUwxml7bRJgk0X2sPyNR3S93cdRq6XulAZRQJ17FYGGzWne0fgrXBKpl7l4M87Hg==}
    engines: {node: '>=14.21.3'}
    cpu: [arm64]
    os: [win32]

  '@biomejs/cli-win32-x64@1.9.4':
    resolution: {integrity: sha512-8Y5wMhVIPaWe6jw2H+KlEm4wP/f7EW3810ZLmDlrEEy5KvBsb9ECEfu/kMWD484ijfQ8+nIi0giMgu9g1UAuuA==}
    engines: {node: '>=14.21.3'}
    cpu: [x64]
    os: [win32]

  '@esbuild/aix-ppc64@0.21.5':
    resolution: {integrity: sha512-1SDgH6ZSPTlggy1yI6+Dbkiz8xzpHJEVAlF/AM1tHPLsf5STom9rwtjE4hKAF20FfXXNTFqEYXyJNWh1GiZedQ==}
    engines: {node: '>=12'}
    cpu: [ppc64]
    os: [aix]

  '@esbuild/aix-ppc64@0.24.2':
    resolution: {integrity: sha512-thpVCb/rhxE/BnMLQ7GReQLLN8q9qbHmI55F4489/ByVg2aQaQ6kbcLb6FHkocZzQhxc4gx0sCk0tJkKBFzDhA==}
    engines: {node: '>=18'}
    cpu: [ppc64]
    os: [aix]

  '@esbuild/android-arm64@0.21.5':
    resolution: {integrity: sha512-c0uX9VAUBQ7dTDCjq+wdyGLowMdtR/GoC2U5IYk/7D1H1JYC0qseD7+11iMP2mRLN9RcCMRcjC4YMclCzGwS/A==}
    engines: {node: '>=12'}
    cpu: [arm64]
    os: [android]

  '@esbuild/android-arm64@0.24.2':
    resolution: {integrity: sha512-cNLgeqCqV8WxfcTIOeL4OAtSmL8JjcN6m09XIgro1Wi7cF4t/THaWEa7eL5CMoMBdjoHOTh/vwTO/o2TRXIyzg==}
    engines: {node: '>=18'}
    cpu: [arm64]
    os: [android]

  '@esbuild/android-arm@0.21.5':
    resolution: {integrity: sha512-vCPvzSjpPHEi1siZdlvAlsPxXl7WbOVUBBAowWug4rJHb68Ox8KualB+1ocNvT5fjv6wpkX6o/iEpbDrf68zcg==}
    engines: {node: '>=12'}
    cpu: [arm]
    os: [android]

  '@esbuild/android-arm@0.24.2':
    resolution: {integrity: sha512-tmwl4hJkCfNHwFB3nBa8z1Uy3ypZpxqxfTQOcHX+xRByyYgunVbZ9MzUUfb0RxaHIMnbHagwAxuTL+tnNM+1/Q==}
    engines: {node: '>=18'}
    cpu: [arm]
    os: [android]

  '@esbuild/android-x64@0.21.5':
    resolution: {integrity: sha512-D7aPRUUNHRBwHxzxRvp856rjUHRFW1SdQATKXH2hqA0kAZb1hKmi02OpYRacl0TxIGz/ZmXWlbZgjwWYaCakTA==}
    engines: {node: '>=12'}
    cpu: [x64]
    os: [android]

  '@esbuild/android-x64@0.24.2':
    resolution: {integrity: sha512-B6Q0YQDqMx9D7rvIcsXfmJfvUYLoP722bgfBlO5cGvNVb5V/+Y7nhBE3mHV9OpxBf4eAS2S68KZztiPaWq4XYw==}
    engines: {node: '>=18'}
    cpu: [x64]
    os: [android]

  '@esbuild/darwin-arm64@0.21.5':
    resolution: {integrity: sha512-DwqXqZyuk5AiWWf3UfLiRDJ5EDd49zg6O9wclZ7kUMv2WRFr4HKjXp/5t8JZ11QbQfUS6/cRCKGwYhtNAY88kQ==}
    engines: {node: '>=12'}
    cpu: [arm64]
    os: [darwin]

  '@esbuild/darwin-arm64@0.24.2':
    resolution: {integrity: sha512-kj3AnYWc+CekmZnS5IPu9D+HWtUI49hbnyqk0FLEJDbzCIQt7hg7ucF1SQAilhtYpIujfaHr6O0UHlzzSPdOeA==}
    engines: {node: '>=18'}
    cpu: [arm64]
    os: [darwin]

  '@esbuild/darwin-x64@0.21.5':
    resolution: {integrity: sha512-se/JjF8NlmKVG4kNIuyWMV/22ZaerB+qaSi5MdrXtd6R08kvs2qCN4C09miupktDitvh8jRFflwGFBQcxZRjbw==}
    engines: {node: '>=12'}
    cpu: [x64]
    os: [darwin]

  '@esbuild/darwin-x64@0.24.2':
    resolution: {integrity: sha512-WeSrmwwHaPkNR5H3yYfowhZcbriGqooyu3zI/3GGpF8AyUdsrrP0X6KumITGA9WOyiJavnGZUwPGvxvwfWPHIA==}
    engines: {node: '>=18'}
    cpu: [x64]
    os: [darwin]

  '@esbuild/freebsd-arm64@0.21.5':
    resolution: {integrity: sha512-5JcRxxRDUJLX8JXp/wcBCy3pENnCgBR9bN6JsY4OmhfUtIHe3ZW0mawA7+RDAcMLrMIZaf03NlQiX9DGyB8h4g==}
    engines: {node: '>=12'}
    cpu: [arm64]
    os: [freebsd]

  '@esbuild/freebsd-arm64@0.24.2':
    resolution: {integrity: sha512-UN8HXjtJ0k/Mj6a9+5u6+2eZ2ERD7Edt1Q9IZiB5UZAIdPnVKDoG7mdTVGhHJIeEml60JteamR3qhsr1r8gXvg==}
    engines: {node: '>=18'}
    cpu: [arm64]
    os: [freebsd]

  '@esbuild/freebsd-x64@0.21.5':
    resolution: {integrity: sha512-J95kNBj1zkbMXtHVH29bBriQygMXqoVQOQYA+ISs0/2l3T9/kj42ow2mpqerRBxDJnmkUDCaQT/dfNXWX/ZZCQ==}
    engines: {node: '>=12'}
    cpu: [x64]
    os: [freebsd]

  '@esbuild/freebsd-x64@0.24.2':
    resolution: {integrity: sha512-TvW7wE/89PYW+IevEJXZ5sF6gJRDY/14hyIGFXdIucxCsbRmLUcjseQu1SyTko+2idmCw94TgyaEZi9HUSOe3Q==}
    engines: {node: '>=18'}
    cpu: [x64]
    os: [freebsd]

  '@esbuild/linux-arm64@0.21.5':
    resolution: {integrity: sha512-ibKvmyYzKsBeX8d8I7MH/TMfWDXBF3db4qM6sy+7re0YXya+K1cem3on9XgdT2EQGMu4hQyZhan7TeQ8XkGp4Q==}
    engines: {node: '>=12'}
    cpu: [arm64]
    os: [linux]

  '@esbuild/linux-arm64@0.24.2':
    resolution: {integrity: sha512-7HnAD6074BW43YvvUmE/35Id9/NB7BeX5EoNkK9obndmZBUk8xmJJeU7DwmUeN7tkysslb2eSl6CTrYz6oEMQg==}
    engines: {node: '>=18'}
    cpu: [arm64]
    os: [linux]

  '@esbuild/linux-arm@0.21.5':
    resolution: {integrity: sha512-bPb5AHZtbeNGjCKVZ9UGqGwo8EUu4cLq68E95A53KlxAPRmUyYv2D6F0uUI65XisGOL1hBP5mTronbgo+0bFcA==}
    engines: {node: '>=12'}
    cpu: [arm]
    os: [linux]

  '@esbuild/linux-arm@0.24.2':
    resolution: {integrity: sha512-n0WRM/gWIdU29J57hJyUdIsk0WarGd6To0s+Y+LwvlC55wt+GT/OgkwoXCXvIue1i1sSNWblHEig00GBWiJgfA==}
    engines: {node: '>=18'}
    cpu: [arm]
    os: [linux]

  '@esbuild/linux-ia32@0.21.5':
    resolution: {integrity: sha512-YvjXDqLRqPDl2dvRODYmmhz4rPeVKYvppfGYKSNGdyZkA01046pLWyRKKI3ax8fbJoK5QbxblURkwK/MWY18Tg==}
    engines: {node: '>=12'}
    cpu: [ia32]
    os: [linux]

  '@esbuild/linux-ia32@0.24.2':
    resolution: {integrity: sha512-sfv0tGPQhcZOgTKO3oBE9xpHuUqguHvSo4jl+wjnKwFpapx+vUDcawbwPNuBIAYdRAvIDBfZVvXprIj3HA+Ugw==}
    engines: {node: '>=18'}
    cpu: [ia32]
    os: [linux]

  '@esbuild/linux-loong64@0.21.5':
    resolution: {integrity: sha512-uHf1BmMG8qEvzdrzAqg2SIG/02+4/DHB6a9Kbya0XDvwDEKCoC8ZRWI5JJvNdUjtciBGFQ5PuBlpEOXQj+JQSg==}
    engines: {node: '>=12'}
    cpu: [loong64]
    os: [linux]

  '@esbuild/linux-loong64@0.24.2':
    resolution: {integrity: sha512-CN9AZr8kEndGooS35ntToZLTQLHEjtVB5n7dl8ZcTZMonJ7CCfStrYhrzF97eAecqVbVJ7APOEe18RPI4KLhwQ==}
    engines: {node: '>=18'}
    cpu: [loong64]
    os: [linux]

  '@esbuild/linux-mips64el@0.21.5':
    resolution: {integrity: sha512-IajOmO+KJK23bj52dFSNCMsz1QP1DqM6cwLUv3W1QwyxkyIWecfafnI555fvSGqEKwjMXVLokcV5ygHW5b3Jbg==}
    engines: {node: '>=12'}
    cpu: [mips64el]
    os: [linux]

  '@esbuild/linux-mips64el@0.24.2':
    resolution: {integrity: sha512-iMkk7qr/wl3exJATwkISxI7kTcmHKE+BlymIAbHO8xanq/TjHaaVThFF6ipWzPHryoFsesNQJPE/3wFJw4+huw==}
    engines: {node: '>=18'}
    cpu: [mips64el]
    os: [linux]

  '@esbuild/linux-ppc64@0.21.5':
    resolution: {integrity: sha512-1hHV/Z4OEfMwpLO8rp7CvlhBDnjsC3CttJXIhBi+5Aj5r+MBvy4egg7wCbe//hSsT+RvDAG7s81tAvpL2XAE4w==}
    engines: {node: '>=12'}
    cpu: [ppc64]
    os: [linux]

  '@esbuild/linux-ppc64@0.24.2':
    resolution: {integrity: sha512-shsVrgCZ57Vr2L8mm39kO5PPIb+843FStGt7sGGoqiiWYconSxwTiuswC1VJZLCjNiMLAMh34jg4VSEQb+iEbw==}
    engines: {node: '>=18'}
    cpu: [ppc64]
    os: [linux]

  '@esbuild/linux-riscv64@0.21.5':
    resolution: {integrity: sha512-2HdXDMd9GMgTGrPWnJzP2ALSokE/0O5HhTUvWIbD3YdjME8JwvSCnNGBnTThKGEB91OZhzrJ4qIIxk/SBmyDDA==}
    engines: {node: '>=12'}
    cpu: [riscv64]
    os: [linux]

  '@esbuild/linux-riscv64@0.24.2':
    resolution: {integrity: sha512-4eSFWnU9Hhd68fW16GD0TINewo1L6dRrB+oLNNbYyMUAeOD2yCK5KXGK1GH4qD/kT+bTEXjsyTCiJGHPZ3eM9Q==}
    engines: {node: '>=18'}
    cpu: [riscv64]
    os: [linux]

  '@esbuild/linux-s390x@0.21.5':
    resolution: {integrity: sha512-zus5sxzqBJD3eXxwvjN1yQkRepANgxE9lgOW2qLnmr8ikMTphkjgXu1HR01K4FJg8h1kEEDAqDcZQtbrRnB41A==}
    engines: {node: '>=12'}
    cpu: [s390x]
    os: [linux]

  '@esbuild/linux-s390x@0.24.2':
    resolution: {integrity: sha512-S0Bh0A53b0YHL2XEXC20bHLuGMOhFDO6GN4b3YjRLK//Ep3ql3erpNcPlEFed93hsQAjAQDNsvcK+hV90FubSw==}
    engines: {node: '>=18'}
    cpu: [s390x]
    os: [linux]

  '@esbuild/linux-x64@0.21.5':
    resolution: {integrity: sha512-1rYdTpyv03iycF1+BhzrzQJCdOuAOtaqHTWJZCWvijKD2N5Xu0TtVC8/+1faWqcP9iBCWOmjmhoH94dH82BxPQ==}
    engines: {node: '>=12'}
    cpu: [x64]
    os: [linux]

  '@esbuild/linux-x64@0.24.2':
    resolution: {integrity: sha512-8Qi4nQcCTbLnK9WoMjdC9NiTG6/E38RNICU6sUNqK0QFxCYgoARqVqxdFmWkdonVsvGqWhmm7MO0jyTqLqwj0Q==}
    engines: {node: '>=18'}
    cpu: [x64]
    os: [linux]

  '@esbuild/netbsd-arm64@0.24.2':
    resolution: {integrity: sha512-wuLK/VztRRpMt9zyHSazyCVdCXlpHkKm34WUyinD2lzK07FAHTq0KQvZZlXikNWkDGoT6x3TD51jKQ7gMVpopw==}
    engines: {node: '>=18'}
    cpu: [arm64]
    os: [netbsd]

  '@esbuild/netbsd-x64@0.21.5':
    resolution: {integrity: sha512-Woi2MXzXjMULccIwMnLciyZH4nCIMpWQAs049KEeMvOcNADVxo0UBIQPfSmxB3CWKedngg7sWZdLvLczpe0tLg==}
    engines: {node: '>=12'}
    cpu: [x64]
    os: [netbsd]

  '@esbuild/netbsd-x64@0.24.2':
    resolution: {integrity: sha512-VefFaQUc4FMmJuAxmIHgUmfNiLXY438XrL4GDNV1Y1H/RW3qow68xTwjZKfj/+Plp9NANmzbH5R40Meudu8mmw==}
    engines: {node: '>=18'}
    cpu: [x64]
    os: [netbsd]

  '@esbuild/openbsd-arm64@0.24.2':
    resolution: {integrity: sha512-YQbi46SBct6iKnszhSvdluqDmxCJA+Pu280Av9WICNwQmMxV7nLRHZfjQzwbPs3jeWnuAhE9Jy0NrnJ12Oz+0A==}
    engines: {node: '>=18'}
    cpu: [arm64]
    os: [openbsd]

  '@esbuild/openbsd-x64@0.21.5':
    resolution: {integrity: sha512-HLNNw99xsvx12lFBUwoT8EVCsSvRNDVxNpjZ7bPn947b8gJPzeHWyNVhFsaerc0n3TsbOINvRP2byTZ5LKezow==}
    engines: {node: '>=12'}
    cpu: [x64]
    os: [openbsd]

  '@esbuild/openbsd-x64@0.24.2':
    resolution: {integrity: sha512-+iDS6zpNM6EnJyWv0bMGLWSWeXGN/HTaF/LXHXHwejGsVi+ooqDfMCCTerNFxEkM3wYVcExkeGXNqshc9iMaOA==}
    engines: {node: '>=18'}
    cpu: [x64]
    os: [openbsd]

  '@esbuild/sunos-x64@0.21.5':
    resolution: {integrity: sha512-6+gjmFpfy0BHU5Tpptkuh8+uw3mnrvgs+dSPQXQOv3ekbordwnzTVEb4qnIvQcYXq6gzkyTnoZ9dZG+D4garKg==}
    engines: {node: '>=12'}
    cpu: [x64]
    os: [sunos]

  '@esbuild/sunos-x64@0.24.2':
    resolution: {integrity: sha512-hTdsW27jcktEvpwNHJU4ZwWFGkz2zRJUz8pvddmXPtXDzVKTTINmlmga3ZzwcuMpUvLw7JkLy9QLKyGpD2Yxig==}
    engines: {node: '>=18'}
    cpu: [x64]
    os: [sunos]

  '@esbuild/win32-arm64@0.21.5':
    resolution: {integrity: sha512-Z0gOTd75VvXqyq7nsl93zwahcTROgqvuAcYDUr+vOv8uHhNSKROyU961kgtCD1e95IqPKSQKH7tBTslnS3tA8A==}
    engines: {node: '>=12'}
    cpu: [arm64]
    os: [win32]

  '@esbuild/win32-arm64@0.24.2':
    resolution: {integrity: sha512-LihEQ2BBKVFLOC9ZItT9iFprsE9tqjDjnbulhHoFxYQtQfai7qfluVODIYxt1PgdoyQkz23+01rzwNwYfutxUQ==}
    engines: {node: '>=18'}
    cpu: [arm64]
    os: [win32]

  '@esbuild/win32-ia32@0.21.5':
    resolution: {integrity: sha512-SWXFF1CL2RVNMaVs+BBClwtfZSvDgtL//G/smwAc5oVK/UPu2Gu9tIaRgFmYFFKrmg3SyAjSrElf0TiJ1v8fYA==}
    engines: {node: '>=12'}
    cpu: [ia32]
    os: [win32]

  '@esbuild/win32-ia32@0.24.2':
    resolution: {integrity: sha512-q+iGUwfs8tncmFC9pcnD5IvRHAzmbwQ3GPS5/ceCyHdjXubwQWI12MKWSNSMYLJMq23/IUCvJMS76PDqXe1fxA==}
    engines: {node: '>=18'}
    cpu: [ia32]
    os: [win32]

  '@esbuild/win32-x64@0.21.5':
    resolution: {integrity: sha512-tQd/1efJuzPC6rCFwEvLtci/xNFcTZknmXs98FYDfGE4wP9ClFV98nyKrzJKVPMhdDnjzLhdUyMX4PsQAPjwIw==}
    engines: {node: '>=12'}
    cpu: [x64]
    os: [win32]

  '@esbuild/win32-x64@0.24.2':
    resolution: {integrity: sha512-7VTgWzgMGvup6aSqDPLiW5zHaxYJGTO4OokMjIlrCtf+VpEL+cXKtCvg723iguPYI5oaUNdS+/V7OU2gvXVWEg==}
    engines: {node: '>=18'}
    cpu: [x64]
    os: [win32]

  '@jsr/sevenc-nanashi__binaryseeker@1.2.1':
    resolution: {integrity: sha512-WWzK7pQPQhIEjo+cL9/tdnZCqumeOSkm1XeOy9ztnRLri/6IS4svt1KA/e4T5v7nv7ebmKWUfIbdl9MFPxAkVA==, tarball: https://npm.jsr.io/~/11/@jsr/sevenc-nanashi__binaryseeker/1.2.1.tgz}

  '@patrady/chord-js@2.2.2':
    resolution: {integrity: sha512-6ePGvkL1VgwNKEj6XbcMv4BNKml8eSf3a3H5yQGzNjDVl7XZDSUj7M9GohTDf9W2X62eyX80EExnM/D+g1C6CA==}

  '@rollup/plugin-yaml@4.1.2':
    resolution: {integrity: sha512-RpupciIeZMUqhgFE97ba0s98mOFS7CWzN3EJNhJkqSv9XLlWYtwVdtE6cDw6ASOF/sZVFS7kRJXftaqM2Vakdw==}
    engines: {node: '>=14.0.0'}
    peerDependencies:
      rollup: ^1.20.0||^2.0.0||^3.0.0||^4.0.0
    peerDependenciesMeta:
      rollup:
        optional: true

  '@rollup/pluginutils@5.1.0':
    resolution: {integrity: sha512-XTIWOPPcpvyKI6L1NHo0lFlCyznUEyPmPY1mc3KpPVDYulHSTvyeLNVW00QTLIAFNhR3kYnJTQHeGqU4M3n09g==}
    engines: {node: '>=14.0.0'}
    peerDependencies:
      rollup: ^1.20.0||^2.0.0||^3.0.0||^4.0.0
    peerDependenciesMeta:
      rollup:
        optional: true

  '@rollup/rollup-android-arm-eabi@4.20.0':
    resolution: {integrity: sha512-TSpWzflCc4VGAUJZlPpgAJE1+V60MePDQnBd7PPkpuEmOy8i87aL6tinFGKBFKuEDikYpig72QzdT3QPYIi+oA==}
    cpu: [arm]
    os: [android]

  '@rollup/rollup-android-arm-eabi@4.31.0':
    resolution: {integrity: sha512-9NrR4033uCbUBRgvLcBrJofa2KY9DzxL2UKZ1/4xA/mnTNyhZCWBuD8X3tPm1n4KxcgaraOYgrFKSgwjASfmlA==}
    cpu: [arm]
    os: [android]

  '@rollup/rollup-android-arm64@4.20.0':
    resolution: {integrity: sha512-u00Ro/nok7oGzVuh/FMYfNoGqxU5CPWz1mxV85S2w9LxHR8OoMQBuSk+3BKVIDYgkpeOET5yXkx90OYFc+ytpQ==}
    cpu: [arm64]
    os: [android]

  '@rollup/rollup-android-arm64@4.31.0':
    resolution: {integrity: sha512-iBbODqT86YBFHajxxF8ebj2hwKm1k8PTBQSojSt3d1FFt1gN+xf4CowE47iN0vOSdnd+5ierMHBbu/rHc7nq5g==}
    cpu: [arm64]
    os: [android]

  '@rollup/rollup-darwin-arm64@4.20.0':
    resolution: {integrity: sha512-uFVfvzvsdGtlSLuL0ZlvPJvl6ZmrH4CBwLGEFPe7hUmf7htGAN+aXo43R/V6LATyxlKVC/m6UsLb7jbG+LG39Q==}
    cpu: [arm64]
    os: [darwin]

  '@rollup/rollup-darwin-arm64@4.31.0':
    resolution: {integrity: sha512-WHIZfXgVBX30SWuTMhlHPXTyN20AXrLH4TEeH/D0Bolvx9PjgZnn4H677PlSGvU6MKNsjCQJYczkpvBbrBnG6g==}
    cpu: [arm64]
    os: [darwin]

  '@rollup/rollup-darwin-x64@4.20.0':
    resolution: {integrity: sha512-xbrMDdlev53vNXexEa6l0LffojxhqDTBeL+VUxuuIXys4x6xyvbKq5XqTXBCEUA8ty8iEJblHvFaWRJTk/icAQ==}
    cpu: [x64]
    os: [darwin]

  '@rollup/rollup-darwin-x64@4.31.0':
    resolution: {integrity: sha512-hrWL7uQacTEF8gdrQAqcDy9xllQ0w0zuL1wk1HV8wKGSGbKPVjVUv/DEwT2+Asabf8Dh/As+IvfdU+H8hhzrQQ==}
    cpu: [x64]
    os: [darwin]

  '@rollup/rollup-freebsd-arm64@4.31.0':
    resolution: {integrity: sha512-S2oCsZ4hJviG1QjPY1h6sVJLBI6ekBeAEssYKad1soRFv3SocsQCzX6cwnk6fID6UQQACTjeIMB+hyYrFacRew==}
    cpu: [arm64]
    os: [freebsd]

  '@rollup/rollup-freebsd-x64@4.31.0':
    resolution: {integrity: sha512-pCANqpynRS4Jirn4IKZH4tnm2+2CqCNLKD7gAdEjzdLGbH1iO0zouHz4mxqg0uEMpO030ejJ0aA6e1PJo2xrPA==}
    cpu: [x64]
    os: [freebsd]

  '@rollup/rollup-linux-arm-gnueabihf@4.20.0':
    resolution: {integrity: sha512-jMYvxZwGmoHFBTbr12Xc6wOdc2xA5tF5F2q6t7Rcfab68TT0n+r7dgawD4qhPEvasDsVpQi+MgDzj2faOLsZjA==}
    cpu: [arm]
    os: [linux]

  '@rollup/rollup-linux-arm-gnueabihf@4.31.0':
    resolution: {integrity: sha512-0O8ViX+QcBd3ZmGlcFTnYXZKGbFu09EhgD27tgTdGnkcYXLat4KIsBBQeKLR2xZDCXdIBAlWLkiXE1+rJpCxFw==}
    cpu: [arm]
    os: [linux]

  '@rollup/rollup-linux-arm-musleabihf@4.20.0':
    resolution: {integrity: sha512-1asSTl4HKuIHIB1GcdFHNNZhxAYEdqML/MW4QmPS4G0ivbEcBr1JKlFLKsIRqjSwOBkdItn3/ZDlyvZ/N6KPlw==}
    cpu: [arm]
    os: [linux]

  '@rollup/rollup-linux-arm-musleabihf@4.31.0':
    resolution: {integrity: sha512-w5IzG0wTVv7B0/SwDnMYmbr2uERQp999q8FMkKG1I+j8hpPX2BYFjWe69xbhbP6J9h2gId/7ogesl9hwblFwwg==}
    cpu: [arm]
    os: [linux]

  '@rollup/rollup-linux-arm64-gnu@4.20.0':
    resolution: {integrity: sha512-COBb8Bkx56KldOYJfMf6wKeYJrtJ9vEgBRAOkfw6Ens0tnmzPqvlpjZiLgkhg6cA3DGzCmLmmd319pmHvKWWlQ==}
    cpu: [arm64]
    os: [linux]

  '@rollup/rollup-linux-arm64-gnu@4.31.0':
    resolution: {integrity: sha512-JyFFshbN5xwy6fulZ8B/8qOqENRmDdEkcIMF0Zz+RsfamEW+Zabl5jAb0IozP/8UKnJ7g2FtZZPEUIAlUSX8cA==}
    cpu: [arm64]
    os: [linux]

  '@rollup/rollup-linux-arm64-musl@4.20.0':
    resolution: {integrity: sha512-+it+mBSyMslVQa8wSPvBx53fYuZK/oLTu5RJoXogjk6x7Q7sz1GNRsXWjn6SwyJm8E/oMjNVwPhmNdIjwP135Q==}
    cpu: [arm64]
    os: [linux]

  '@rollup/rollup-linux-arm64-musl@4.31.0':
    resolution: {integrity: sha512-kpQXQ0UPFeMPmPYksiBL9WS/BDiQEjRGMfklVIsA0Sng347H8W2iexch+IEwaR7OVSKtr2ZFxggt11zVIlZ25g==}
    cpu: [arm64]
    os: [linux]

  '@rollup/rollup-linux-loongarch64-gnu@4.31.0':
    resolution: {integrity: sha512-pMlxLjt60iQTzt9iBb3jZphFIl55a70wexvo8p+vVFK+7ifTRookdoXX3bOsRdmfD+OKnMozKO6XM4zR0sHRrQ==}
    cpu: [loong64]
    os: [linux]

  '@rollup/rollup-linux-powerpc64le-gnu@4.20.0':
    resolution: {integrity: sha512-yAMvqhPfGKsAxHN8I4+jE0CpLWD8cv4z7CK7BMmhjDuz606Q2tFKkWRY8bHR9JQXYcoLfopo5TTqzxgPUjUMfw==}
    cpu: [ppc64]
    os: [linux]

  '@rollup/rollup-linux-powerpc64le-gnu@4.31.0':
    resolution: {integrity: sha512-D7TXT7I/uKEuWiRkEFbed1UUYZwcJDU4vZQdPTcepK7ecPhzKOYk4Er2YR4uHKme4qDeIh6N3XrLfpuM7vzRWQ==}
    cpu: [ppc64]
    os: [linux]

  '@rollup/rollup-linux-riscv64-gnu@4.20.0':
    resolution: {integrity: sha512-qmuxFpfmi/2SUkAw95TtNq/w/I7Gpjurx609OOOV7U4vhvUhBcftcmXwl3rqAek+ADBwSjIC4IVNLiszoj3dPA==}
    cpu: [riscv64]
    os: [linux]

  '@rollup/rollup-linux-riscv64-gnu@4.31.0':
    resolution: {integrity: sha512-wal2Tc8O5lMBtoePLBYRKj2CImUCJ4UNGJlLwspx7QApYny7K1cUYlzQ/4IGQBLmm+y0RS7dwc3TDO/pmcneTw==}
    cpu: [riscv64]
    os: [linux]

  '@rollup/rollup-linux-s390x-gnu@4.20.0':
    resolution: {integrity: sha512-I0BtGXddHSHjV1mqTNkgUZLnS3WtsqebAXv11D5BZE/gfw5KoyXSAXVqyJximQXNvNzUo4GKlCK/dIwXlz+jlg==}
    cpu: [s390x]
    os: [linux]

  '@rollup/rollup-linux-s390x-gnu@4.31.0':
    resolution: {integrity: sha512-O1o5EUI0+RRMkK9wiTVpk2tyzXdXefHtRTIjBbmFREmNMy7pFeYXCFGbhKFwISA3UOExlo5GGUuuj3oMKdK6JQ==}
    cpu: [s390x]
    os: [linux]

  '@rollup/rollup-linux-x64-gnu@4.20.0':
    resolution: {integrity: sha512-y+eoL2I3iphUg9tN9GB6ku1FA8kOfmF4oUEWhztDJ4KXJy1agk/9+pejOuZkNFhRwHAOxMsBPLbXPd6mJiCwew==}
    cpu: [x64]
    os: [linux]

  '@rollup/rollup-linux-x64-gnu@4.31.0':
    resolution: {integrity: sha512-zSoHl356vKnNxwOWnLd60ixHNPRBglxpv2g7q0Cd3Pmr561gf0HiAcUBRL3S1vPqRC17Zo2CX/9cPkqTIiai1g==}
    cpu: [x64]
    os: [linux]

  '@rollup/rollup-linux-x64-musl@4.20.0':
    resolution: {integrity: sha512-hM3nhW40kBNYUkZb/r9k2FKK+/MnKglX7UYd4ZUy5DJs8/sMsIbqWK2piZtVGE3kcXVNj3B2IrUYROJMMCikNg==}
    cpu: [x64]
    os: [linux]

  '@rollup/rollup-linux-x64-musl@4.31.0':
    resolution: {integrity: sha512-ypB/HMtcSGhKUQNiFwqgdclWNRrAYDH8iMYH4etw/ZlGwiTVxBz2tDrGRrPlfZu6QjXwtd+C3Zib5pFqID97ZA==}
    cpu: [x64]
    os: [linux]

  '@rollup/rollup-win32-arm64-msvc@4.20.0':
    resolution: {integrity: sha512-psegMvP+Ik/Bg7QRJbv8w8PAytPA7Uo8fpFjXyCRHWm6Nt42L+JtoqH8eDQ5hRP7/XW2UiIriy1Z46jf0Oa1kA==}
    cpu: [arm64]
    os: [win32]

  '@rollup/rollup-win32-arm64-msvc@4.31.0':
    resolution: {integrity: sha512-JuhN2xdI/m8Hr+aVO3vspO7OQfUFO6bKLIRTAy0U15vmWjnZDLrEgCZ2s6+scAYaQVpYSh9tZtRijApw9IXyMw==}
    cpu: [arm64]
    os: [win32]

  '@rollup/rollup-win32-ia32-msvc@4.20.0':
    resolution: {integrity: sha512-GabekH3w4lgAJpVxkk7hUzUf2hICSQO0a/BLFA11/RMxQT92MabKAqyubzDZmMOC/hcJNlc+rrypzNzYl4Dx7A==}
    cpu: [ia32]
    os: [win32]

  '@rollup/rollup-win32-ia32-msvc@4.31.0':
    resolution: {integrity: sha512-U1xZZXYkvdf5MIWmftU8wrM5PPXzyaY1nGCI4KI4BFfoZxHamsIe+BtnPLIvvPykvQWlVbqUXdLa4aJUuilwLQ==}
    cpu: [ia32]
    os: [win32]

  '@rollup/rollup-win32-x64-msvc@4.20.0':
    resolution: {integrity: sha512-aJ1EJSuTdGnM6qbVC4B5DSmozPTqIag9fSzXRNNo+humQLG89XpPgdt16Ia56ORD7s+H8Pmyx44uczDQ0yDzpg==}
    cpu: [x64]
    os: [win32]

  '@rollup/rollup-win32-x64-msvc@4.31.0':
    resolution: {integrity: sha512-ul8rnCsUumNln5YWwz0ted2ZHFhzhRRnkpBZ+YRuHoRAlUji9KChpOUOndY7uykrPEPXVbHLlsdo6v5yXo/TXw==}
    cpu: [x64]
    os: [win32]

  '@tonejs/midi@2.0.28':
    resolution: {integrity: sha512-RII6YpInPsOZ5t3Si/20QKpNqB1lZ2OCFJSOzJxz38YdY/3zqDr3uaml4JuCWkdixuPqP1/TBnXzhQ39csyoVg==}

  '@types/estree@1.0.5':
    resolution: {integrity: sha512-/kYRxGDLWzHOB7q+wtSUQlFrtcdUccpfy+X+9iMBpHK8QLLhx2wIPYuS5DYtR9Wa/YlZAbIovy7qVdB1Aq6Lyw==}

  '@types/estree@1.0.6':
    resolution: {integrity: sha512-AYnb1nQyY49te+VRAVgmzfcgjYS91mY5P0TKUDCLEM+gNnA+3T6rWITXRLYCpahpqSQbN5cE+gHpnPyXjHWxcw==}

  '@types/p5@1.7.6':
    resolution: {integrity: sha512-6pLTOo0V3N5jZb5nTwjiv3lPHLK3Z/TjbhQUj8CTWXocUk1Z/f6OHTp3Pcwi1BhWnf5gqKUcyEb1gP0KIJuQgw==}

  argparse@2.0.1:
    resolution: {integrity: sha512-8+9WqebbFzpX9OR+Wa6O29asIogeRMzcGtAINdpMHHyAg10f05aSFVBbcEqGf/PXw1EjAZ+q2/bEBg3DvurK3Q==}

  array-flatten@3.0.0:
    resolution: {integrity: sha512-zPMVc3ZYlGLNk4mpK1NzP2wg0ml9t7fUgDsayR5Y5rSzxQilzR9FGu/EH2jQOcKSAeAfWeylyW8juy3OkWRvNA==}

  esbuild@0.21.5:
    resolution: {integrity: sha512-mg3OPMV4hXywwpoDxu3Qda5xCKQi+vCTZq8S9J/EpkhB2HzKXq4SNFZE3+NK93JYxc8VMSep+lOUSC/RVKaBqw==}
    engines: {node: '>=12'}
    hasBin: true

  esbuild@0.24.2:
    resolution: {integrity: sha512-+9egpBW8I3CD5XPe0n6BfT5fxLzxrlDzqydF3aviG+9ni1lDC/OvMHcxqEFV0+LANZG5R1bFMWfUrjVsdwxJvA==}
    engines: {node: '>=18'}
    hasBin: true

  estree-walker@2.0.2:
    resolution: {integrity: sha512-Rfkk/Mp/DL7JVje3u18FxFujQlTNR2q6QfMSMB7AvCBx91NGj/ba3kCfza0f6dVDbw7YlRf/nDrn7pQrCCyQ/w==}

  fft.js@4.0.4:
    resolution: {integrity: sha512-f9c00hphOgeQTlDyavwTtu6RiK8AIFjD6+jvXkNkpeQ7rirK3uFWVpalkoS4LAwbdX7mfZ8aoBfFVQX1Re/8aw==}

  fsevents@2.3.3:
    resolution: {integrity: sha512-5xoDfX+fL7faATnagmWPpbFtwh/R77WmMMqqHGS65C3vvB0YHrgF+B1YmZ3441tMj5n63k0212XNoJwzlhffQw==}
    engines: {node: ^8.16.0 || ^10.6.0 || >=11.0.0}
    os: [darwin]

  js-yaml@4.1.0:
    resolution: {integrity: sha512-wpxZs9NoxZaJESJGIZTyDEaYpl0FKSA+FB9aJiyemKhMwkxQg63h4T1KJgUGHpTqPDNRcmmYLugrRjJlBtWvRA==}
    hasBin: true

  midi-file@1.2.4:
    resolution: {integrity: sha512-B5SnBC6i2bwJIXTY9MElIydJwAmnKx+r5eJ1jknTLetzLflEl0GWveuBB6ACrQpecSRkOB6fhTx1PwXk2BVxnA==}

  nanoid@3.3.7:
    resolution: {integrity: sha512-eSRppjcPIatRIMC1U6UngP8XFcz8MQWGQdt1MTBQ7NaAmvXDfvNxbvWV3x2y6CdEUciCSsDHDQZbhYaB8QEo2g==}
    engines: {node: ^10 || ^12 || ^13.7 || ^14 || >=15.0.1}
    hasBin: true

  nanoid@3.3.8:
    resolution: {integrity: sha512-WNLf5Sd8oZxOm+TzppcYk8gVOgP+l58xNy58D0nbUnOxOWRWvlcCV4kUF7ltmI6PsrLl/BgKEyS4mqsGChFN0w==}
    engines: {node: ^10 || ^12 || ^13.7 || ^14 || >=15.0.1}
    hasBin: true

  p5-frame-capturer@0.2.0:
    resolution: {integrity: sha512-GkzwNW0nElGAS2ymahXCGPK3/gAWqzkGgav7eDjG3VdAfbWpNcrqy3EKKCgSV0Y/DsX0kb9VLDZjXjtMt+EKWQ==}

  p5@1.11.2:
    resolution: {integrity: sha512-kvtMTmxJexkbfuaVThg/1JE6iQyS8tTAqGE1UGbfApKUIzDc5hHM23hc08FV3jG0jlNS2En9kqZDb4FrJ8x+kg==}

  picocolors@1.0.1:
    resolution: {integrity: sha512-anP1Z8qwhkbmu7MFP5iTt+wQKXgwzf7zTyGlcdzabySa9vd0Xt392U0rVmz9poOaBj0uHJKyyo9/upk0HrEQew==}

  picocolors@1.1.1:
    resolution: {integrity: sha512-xceH2snhtb5M9liqDsmEw56le376mTZkEX/jEb/RxNFyegNul7eNslCXP9FDj/Lcu0X8KEyMceP2ntpaHrDEVA==}

  picomatch@2.3.1:
    resolution: {integrity: sha512-JU3teHTNjmE2VCGFzuY8EXzCDVwEqB2a8fsIvwaStHhAWJEeVd1o1QD80CU6+ZdEXXSLbSsuLwJjkCBWqRQUVA==}
    engines: {node: '>=8.6'}

  postcss@8.4.41:
    resolution: {integrity: sha512-TesUflQ0WKZqAvg52PWL6kHgLKP6xB6heTOdoYM0Wt2UHyxNa4K25EZZMgKns3BH1RLVbZCREPpLY0rhnNoHVQ==}
    engines: {node: ^10 || ^12 || >=14}

  postcss@8.5.1:
    resolution: {integrity: sha512-6oz2beyjc5VMn/KV1pPw8fliQkhBXrVn1Z3TVyqZxU8kZpzEKhBdmCFqI6ZbmGtamQvQGuU1sgPTk8ZrXDD7jQ==}
    engines: {node: ^10 || ^12 || >=14}

  rollup@4.20.0:
    resolution: {integrity: sha512-6rbWBChcnSGzIlXeIdNIZTopKYad8ZG8ajhl78lGRLsI2rX8IkaotQhVas2Ma+GPxJav19wrSzvRvuiv0YKzWw==}
    engines: {node: '>=18.0.0', npm: '>=8.0.0'}
    hasBin: true

  rollup@4.31.0:
    resolution: {integrity: sha512-9cCE8P4rZLx9+PjoyqHLs31V9a9Vpvfo4qNcs6JCiGWYhw2gijSetFbH6SSy1whnkgcefnUwr8sad7tgqsGvnw==}
    engines: {node: '>=18.0.0', npm: '>=8.0.0'}
    hasBin: true

  source-map-js@1.2.0:
    resolution: {integrity: sha512-itJW8lvSA0TXEphiRoawsCksnlf8SyvmFzIhltqAHluXd88pkCd+cXJVHTDwdCr0IzwptSm035IHQktUu1QUMg==}
    engines: {node: '>=0.10.0'}

  source-map-js@1.2.1:
    resolution: {integrity: sha512-UXWMKhLOwVKb728IUtQPXxfYU+usdybtUrK/8uGE8CQMvrhOpwvzDBwj0QhSL7MQc7vIsISBG8VQ8+IDQxpfQA==}
    engines: {node: '>=0.10.0'}

  tosource@2.0.0-alpha.3:
    resolution: {integrity: sha512-KAB2lrSS48y91MzFPFuDg4hLbvDiyTjOVgaK7Erw+5AmZXNq4sFRVn8r6yxSLuNs15PaokrDRpS61ERY9uZOug==}
    engines: {node: '>=10'}

  typescript@5.7.3:
    resolution: {integrity: sha512-84MVSjMEHP+FQRPy3pX9sTVV/INIex71s9TL2Gm5FG/WG1SqXeKyZ0k7/blY/4FdOzI12CBy1vGc4og/eus0fw==}
    engines: {node: '>=14.17'}
    hasBin: true

  vanjs-core@1.5.3:
    resolution: {integrity: sha512-NDt++52tE8rA7rcThaFtIJ7C3pEIuB51giOmE9o5dA9Cw3iv+a0tRIVVYP1PGLItXBbEL0wxDTa2VRjjuKIPlw==}

  vite-plugin-arraybuffer@0.0.8:
    resolution: {integrity: sha512-F+InDQuxd93YDVRdXTjBr3lydgjyVHSpgRZS4izK/i85Anl5kmbvf2NwJ//XHAccHh1TScfX70MFJfBx/rf3cg==}

  vite-plugin-hmrify@0.1.0:
    resolution: {integrity: sha512-vx5Kz9Y7OqMTp5R6pabhaz3LYkt1Ezlr9mWxHz5E/YxCQ7w2xH1WyqdoR+vdu+2F8j6he+B8h0rvBFBnZZjE+Q==}

  vite@5.4.0:
    resolution: {integrity: sha512-5xokfMX0PIiwCMCMb9ZJcMyh5wbBun0zUzKib+L65vAZ8GY9ePZMXxFrHbr/Kyll2+LSCY7xtERPpxkBDKngwg==}
    engines: {node: ^18.0.0 || >=20.0.0}
    hasBin: true
    peerDependencies:
      '@types/node': ^18.0.0 || >=20.0.0
      less: '*'
      lightningcss: ^1.21.0
      sass: '*'
      sass-embedded: '*'
      stylus: '*'
      sugarss: '*'
      terser: ^5.4.0
    peerDependenciesMeta:
      '@types/node':
        optional: true
      less:
        optional: true
      lightningcss:
        optional: true
      sass:
        optional: true
      sass-embedded:
        optional: true
      stylus:
        optional: true
      sugarss:
        optional: true
      terser:
        optional: true

  vite@6.0.11:
    resolution: {integrity: sha512-4VL9mQPKoHy4+FE0NnRE/kbY51TOfaknxAjt3fJbGJxhIpBZiqVzlZDEesWWsuREXHwNdAoOFZ9MkPEVXczHwg==}
    engines: {node: ^18.0.0 || ^20.0.0 || >=22.0.0}
    hasBin: true
    peerDependencies:
      '@types/node': ^18.0.0 || ^20.0.0 || >=22.0.0
      jiti: '>=1.21.0'
      less: '*'
      lightningcss: ^1.21.0
      sass: '*'
      sass-embedded: '*'
      stylus: '*'
      sugarss: '*'
      terser: ^5.16.0
      tsx: ^4.8.1
      yaml: ^2.4.2
    peerDependenciesMeta:
      '@types/node':
        optional: true
      jiti:
        optional: true
      less:
        optional: true
      lightningcss:
        optional: true
      sass:
        optional: true
      sass-embedded:
        optional: true
      stylus:
        optional: true
      sugarss:
        optional: true
      terser:
        optional: true
      tsx:
        optional: true
      yaml:
        optional: true

snapshots:

  '@biomejs/biome@1.9.4':
    optionalDependencies:
      '@biomejs/cli-darwin-arm64': 1.9.4
      '@biomejs/cli-darwin-x64': 1.9.4
      '@biomejs/cli-linux-arm64': 1.9.4
      '@biomejs/cli-linux-arm64-musl': 1.9.4
      '@biomejs/cli-linux-x64': 1.9.4
      '@biomejs/cli-linux-x64-musl': 1.9.4
      '@biomejs/cli-win32-arm64': 1.9.4
      '@biomejs/cli-win32-x64': 1.9.4

  '@biomejs/cli-darwin-arm64@1.9.4':
    optional: true

  '@biomejs/cli-darwin-x64@1.9.4':
    optional: true

  '@biomejs/cli-linux-arm64-musl@1.9.4':
    optional: true

  '@biomejs/cli-linux-arm64@1.9.4':
    optional: true

  '@biomejs/cli-linux-x64-musl@1.9.4':
    optional: true

  '@biomejs/cli-linux-x64@1.9.4':
    optional: true

  '@biomejs/cli-win32-arm64@1.9.4':
    optional: true

  '@biomejs/cli-win32-x64@1.9.4':
    optional: true

  '@esbuild/aix-ppc64@0.21.5':
    optional: true

  '@esbuild/aix-ppc64@0.24.2':
    optional: true

  '@esbuild/android-arm64@0.21.5':
    optional: true

  '@esbuild/android-arm64@0.24.2':
    optional: true

  '@esbuild/android-arm@0.21.5':
    optional: true

  '@esbuild/android-arm@0.24.2':
    optional: true

  '@esbuild/android-x64@0.21.5':
    optional: true

  '@esbuild/android-x64@0.24.2':
    optional: true

  '@esbuild/darwin-arm64@0.21.5':
    optional: true

  '@esbuild/darwin-arm64@0.24.2':
    optional: true

  '@esbuild/darwin-x64@0.21.5':
    optional: true

  '@esbuild/darwin-x64@0.24.2':
    optional: true

  '@esbuild/freebsd-arm64@0.21.5':
    optional: true

  '@esbuild/freebsd-arm64@0.24.2':
    optional: true

  '@esbuild/freebsd-x64@0.21.5':
    optional: true

  '@esbuild/freebsd-x64@0.24.2':
    optional: true

  '@esbuild/linux-arm64@0.21.5':
    optional: true

  '@esbuild/linux-arm64@0.24.2':
    optional: true

  '@esbuild/linux-arm@0.21.5':
    optional: true

  '@esbuild/linux-arm@0.24.2':
    optional: true

  '@esbuild/linux-ia32@0.21.5':
    optional: true

  '@esbuild/linux-ia32@0.24.2':
    optional: true

  '@esbuild/linux-loong64@0.21.5':
    optional: true

  '@esbuild/linux-loong64@0.24.2':
    optional: true

  '@esbuild/linux-mips64el@0.21.5':
    optional: true

  '@esbuild/linux-mips64el@0.24.2':
    optional: true

  '@esbuild/linux-ppc64@0.21.5':
    optional: true

  '@esbuild/linux-ppc64@0.24.2':
    optional: true

  '@esbuild/linux-riscv64@0.21.5':
    optional: true

  '@esbuild/linux-riscv64@0.24.2':
    optional: true

  '@esbuild/linux-s390x@0.21.5':
    optional: true

  '@esbuild/linux-s390x@0.24.2':
    optional: true

  '@esbuild/linux-x64@0.21.5':
    optional: true

  '@esbuild/linux-x64@0.24.2':
    optional: true

  '@esbuild/netbsd-arm64@0.24.2':
    optional: true

  '@esbuild/netbsd-x64@0.21.5':
    optional: true

  '@esbuild/netbsd-x64@0.24.2':
    optional: true

  '@esbuild/openbsd-arm64@0.24.2':
    optional: true

  '@esbuild/openbsd-x64@0.21.5':
    optional: true

  '@esbuild/openbsd-x64@0.24.2':
    optional: true

  '@esbuild/sunos-x64@0.21.5':
    optional: true

  '@esbuild/sunos-x64@0.24.2':
    optional: true

  '@esbuild/win32-arm64@0.21.5':
    optional: true

  '@esbuild/win32-arm64@0.24.2':
    optional: true

  '@esbuild/win32-ia32@0.21.5':
    optional: true

  '@esbuild/win32-ia32@0.24.2':
    optional: true

  '@esbuild/win32-x64@0.21.5':
    optional: true

  '@esbuild/win32-x64@0.24.2':
    optional: true

  '@jsr/sevenc-nanashi__binaryseeker@1.2.1': {}

  '@patrady/chord-js@2.2.2': {}

  '@rollup/plugin-yaml@4.1.2(rollup@4.31.0)':
    dependencies:
      '@rollup/pluginutils': 5.1.0(rollup@4.31.0)
      js-yaml: 4.1.0
      tosource: 2.0.0-alpha.3
    optionalDependencies:
      rollup: 4.31.0

  '@rollup/pluginutils@5.1.0(rollup@4.31.0)':
    dependencies:
      '@types/estree': 1.0.5
      estree-walker: 2.0.2
      picomatch: 2.3.1
    optionalDependencies:
      rollup: 4.31.0

  '@rollup/rollup-android-arm-eabi@4.20.0':
    optional: true

  '@rollup/rollup-android-arm-eabi@4.31.0':
    optional: true

  '@rollup/rollup-android-arm64@4.20.0':
    optional: true

  '@rollup/rollup-android-arm64@4.31.0':
    optional: true

  '@rollup/rollup-darwin-arm64@4.20.0':
    optional: true

  '@rollup/rollup-darwin-arm64@4.31.0':
    optional: true

  '@rollup/rollup-darwin-x64@4.20.0':
    optional: true

  '@rollup/rollup-darwin-x64@4.31.0':
    optional: true

  '@rollup/rollup-freebsd-arm64@4.31.0':
    optional: true

  '@rollup/rollup-freebsd-x64@4.31.0':
    optional: true

  '@rollup/rollup-linux-arm-gnueabihf@4.20.0':
    optional: true

  '@rollup/rollup-linux-arm-gnueabihf@4.31.0':
    optional: true

  '@rollup/rollup-linux-arm-musleabihf@4.20.0':
    optional: true

  '@rollup/rollup-linux-arm-musleabihf@4.31.0':
    optional: true

  '@rollup/rollup-linux-arm64-gnu@4.20.0':
    optional: true

  '@rollup/rollup-linux-arm64-gnu@4.31.0':
    optional: true

  '@rollup/rollup-linux-arm64-musl@4.20.0':
    optional: true

  '@rollup/rollup-linux-arm64-musl@4.31.0':
    optional: true

  '@rollup/rollup-linux-loongarch64-gnu@4.31.0':
    optional: true

  '@rollup/rollup-linux-powerpc64le-gnu@4.20.0':
    optional: true

  '@rollup/rollup-linux-powerpc64le-gnu@4.31.0':
    optional: true

  '@rollup/rollup-linux-riscv64-gnu@4.20.0':
    optional: true

  '@rollup/rollup-linux-riscv64-gnu@4.31.0':
    optional: true

  '@rollup/rollup-linux-s390x-gnu@4.20.0':
    optional: true

  '@rollup/rollup-linux-s390x-gnu@4.31.0':
    optional: true

  '@rollup/rollup-linux-x64-gnu@4.20.0':
    optional: true

  '@rollup/rollup-linux-x64-gnu@4.31.0':
    optional: true

  '@rollup/rollup-linux-x64-musl@4.20.0':
    optional: true

  '@rollup/rollup-linux-x64-musl@4.31.0':
    optional: true

  '@rollup/rollup-win32-arm64-msvc@4.20.0':
    optional: true

  '@rollup/rollup-win32-arm64-msvc@4.31.0':
    optional: true

  '@rollup/rollup-win32-ia32-msvc@4.20.0':
    optional: true

  '@rollup/rollup-win32-ia32-msvc@4.31.0':
    optional: true

  '@rollup/rollup-win32-x64-msvc@4.20.0':
    optional: true

  '@rollup/rollup-win32-x64-msvc@4.31.0':
    optional: true

  '@tonejs/midi@2.0.28':
    dependencies:
      array-flatten: 3.0.0
      midi-file: 1.2.4

  '@types/estree@1.0.5': {}

  '@types/estree@1.0.6': {}

  '@types/p5@1.7.6': {}

  argparse@2.0.1: {}

  array-flatten@3.0.0: {}

  esbuild@0.21.5:
    optionalDependencies:
      '@esbuild/aix-ppc64': 0.21.5
      '@esbuild/android-arm': 0.21.5
      '@esbuild/android-arm64': 0.21.5
      '@esbuild/android-x64': 0.21.5
      '@esbuild/darwin-arm64': 0.21.5
      '@esbuild/darwin-x64': 0.21.5
      '@esbuild/freebsd-arm64': 0.21.5
      '@esbuild/freebsd-x64': 0.21.5
      '@esbuild/linux-arm': 0.21.5
      '@esbuild/linux-arm64': 0.21.5
      '@esbuild/linux-ia32': 0.21.5
      '@esbuild/linux-loong64': 0.21.5
      '@esbuild/linux-mips64el': 0.21.5
      '@esbuild/linux-ppc64': 0.21.5
      '@esbuild/linux-riscv64': 0.21.5
      '@esbuild/linux-s390x': 0.21.5
      '@esbuild/linux-x64': 0.21.5
      '@esbuild/netbsd-x64': 0.21.5
      '@esbuild/openbsd-x64': 0.21.5
      '@esbuild/sunos-x64': 0.21.5
      '@esbuild/win32-arm64': 0.21.5
      '@esbuild/win32-ia32': 0.21.5
      '@esbuild/win32-x64': 0.21.5

  esbuild@0.24.2:
    optionalDependencies:
      '@esbuild/aix-ppc64': 0.24.2
      '@esbuild/android-arm': 0.24.2
      '@esbuild/android-arm64': 0.24.2
      '@esbuild/android-x64': 0.24.2
      '@esbuild/darwin-arm64': 0.24.2
      '@esbuild/darwin-x64': 0.24.2
      '@esbuild/freebsd-arm64': 0.24.2
      '@esbuild/freebsd-x64': 0.24.2
      '@esbuild/linux-arm': 0.24.2
      '@esbuild/linux-arm64': 0.24.2
      '@esbuild/linux-ia32': 0.24.2
      '@esbuild/linux-loong64': 0.24.2
      '@esbuild/linux-mips64el': 0.24.2
      '@esbuild/linux-ppc64': 0.24.2
      '@esbuild/linux-riscv64': 0.24.2
      '@esbuild/linux-s390x': 0.24.2
      '@esbuild/linux-x64': 0.24.2
      '@esbuild/netbsd-arm64': 0.24.2
      '@esbuild/netbsd-x64': 0.24.2
      '@esbuild/openbsd-arm64': 0.24.2
      '@esbuild/openbsd-x64': 0.24.2
      '@esbuild/sunos-x64': 0.24.2
      '@esbuild/win32-arm64': 0.24.2
      '@esbuild/win32-ia32': 0.24.2
      '@esbuild/win32-x64': 0.24.2

  estree-walker@2.0.2: {}

  fft.js@4.0.4: {}

  fsevents@2.3.3:
    optional: true

  js-yaml@4.1.0:
    dependencies:
      argparse: 2.0.1

  midi-file@1.2.4: {}

  nanoid@3.3.7: {}

  nanoid@3.3.8: {}

  p5-frame-capturer@0.2.0:
    dependencies:
      vanjs-core: 1.5.3
    optionalDependencies:
      '@types/p5': 1.7.6

  p5@1.11.2: {}

  picocolors@1.0.1: {}

  picocolors@1.1.1: {}

  picomatch@2.3.1: {}

  postcss@8.4.41:
    dependencies:
      nanoid: 3.3.7
      picocolors: 1.0.1
      source-map-js: 1.2.0

  postcss@8.5.1:
    dependencies:
      nanoid: 3.3.8
      picocolors: 1.1.1
      source-map-js: 1.2.1

  rollup@4.20.0:
    dependencies:
      '@types/estree': 1.0.5
    optionalDependencies:
      '@rollup/rollup-android-arm-eabi': 4.20.0
      '@rollup/rollup-android-arm64': 4.20.0
      '@rollup/rollup-darwin-arm64': 4.20.0
      '@rollup/rollup-darwin-x64': 4.20.0
      '@rollup/rollup-linux-arm-gnueabihf': 4.20.0
      '@rollup/rollup-linux-arm-musleabihf': 4.20.0
      '@rollup/rollup-linux-arm64-gnu': 4.20.0
      '@rollup/rollup-linux-arm64-musl': 4.20.0
      '@rollup/rollup-linux-powerpc64le-gnu': 4.20.0
      '@rollup/rollup-linux-riscv64-gnu': 4.20.0
      '@rollup/rollup-linux-s390x-gnu': 4.20.0
      '@rollup/rollup-linux-x64-gnu': 4.20.0
      '@rollup/rollup-linux-x64-musl': 4.20.0
      '@rollup/rollup-win32-arm64-msvc': 4.20.0
      '@rollup/rollup-win32-ia32-msvc': 4.20.0
      '@rollup/rollup-win32-x64-msvc': 4.20.0
      fsevents: 2.3.3

  rollup@4.31.0:
    dependencies:
      '@types/estree': 1.0.6
    optionalDependencies:
      '@rollup/rollup-android-arm-eabi': 4.31.0
      '@rollup/rollup-android-arm64': 4.31.0
      '@rollup/rollup-darwin-arm64': 4.31.0
      '@rollup/rollup-darwin-x64': 4.31.0
      '@rollup/rollup-freebsd-arm64': 4.31.0
      '@rollup/rollup-freebsd-x64': 4.31.0
      '@rollup/rollup-linux-arm-gnueabihf': 4.31.0
      '@rollup/rollup-linux-arm-musleabihf': 4.31.0
      '@rollup/rollup-linux-arm64-gnu': 4.31.0
      '@rollup/rollup-linux-arm64-musl': 4.31.0
      '@rollup/rollup-linux-loongarch64-gnu': 4.31.0
      '@rollup/rollup-linux-powerpc64le-gnu': 4.31.0
      '@rollup/rollup-linux-riscv64-gnu': 4.31.0
      '@rollup/rollup-linux-s390x-gnu': 4.31.0
      '@rollup/rollup-linux-x64-gnu': 4.31.0
      '@rollup/rollup-linux-x64-musl': 4.31.0
      '@rollup/rollup-win32-arm64-msvc': 4.31.0
      '@rollup/rollup-win32-ia32-msvc': 4.31.0
      '@rollup/rollup-win32-x64-msvc': 4.31.0
      fsevents: 2.3.3

  source-map-js@1.2.0: {}

  source-map-js@1.2.1: {}

  tosource@2.0.0-alpha.3: {}

  typescript@5.7.3: {}

  vanjs-core@1.5.3: {}

  vite-plugin-arraybuffer@0.0.8: {}

  vite-plugin-hmrify@0.1.0:
    dependencies:
      vite: 5.4.0
    transitivePeerDependencies:
      - '@types/node'
      - less
      - lightningcss
      - sass
      - sass-embedded
      - stylus
      - sugarss
      - terser

  vite@5.4.0:
    dependencies:
      esbuild: 0.21.5
      postcss: 8.4.41
      rollup: 4.20.0
    optionalDependencies:
      fsevents: 2.3.3

  vite@6.0.11:
    dependencies:
      esbuild: 0.24.2
      postcss: 8.5.1
      rollup: 4.31.0
    optionalDependencies:
      fsevents: 2.3.3
